<?xml version="1.0" encoding="utf-8"?>
<Project ToolsVersion="4.0" xmlns="http://schemas.microsoft.com/developer/msbuild/2003">
  <ItemGroup>
    <ClCompile Include="main.cpp">
      <Filter>source</Filter>
    </ClCompile>
    <ClCompile Include="dls.cpp">
      <Filter>source</Filter>
    </ClCompile>
    <ClCompile Include="dls_art.cpp">
      <Filter>source</Filter>
    </ClCompile>
    <ClCompile Include="dls_chunk.cpp">
      <Filter>source</Filter>
    </ClCompile>
    <ClCompile Include="dls_ins.cpp">
      <Filter>source</Filter>
    </ClCompile>
    <ClCompile Include="dls_rgn.cpp">
      <Filter>source</Filter>
    </ClCompile>
    <ClCompile Include="dls_wave.cpp">
      <Filter>source</Filter>
    </ClCompile>
  </ItemGroup>
  <ItemGroup>
    <ClInclude Include="const.h">
      <Filter>header</Filter>
    </ClInclude>
    <ClInclude Include="main.h">
      <Filter>header</Filter>
    </ClInclude>
    <ClInclude Include="dls.h">
      <Filter>header</Filter>
    </ClInclude>
    <ClInclude Include="dls_art.h">
      <Filter>header</Filter>
    </ClInclude>
    <ClInclude Include="dls_chunk.h">
      <Filter>header</Filter>
    </ClInclude>
    <ClInclude Include="dls_const.h">
      <Filter>header</Filter>
    </ClInclude>
    <ClInclude Include="dls_ins.h">
      <Filter>header</Filter>
    </ClInclude>
    <ClInclude Include="dls_rgn.h">
      <Filter>header</Filter>
    </ClInclude>
    <ClInclude Include="dls_struct.h">
      <Filter>header</Filter>
    </ClInclude>
    <ClInclude Include="dls_wave.h">
      <Filter>header</Filter>
    </ClInclude>
    <ClInclude Include="struct.h">
      <Filter>header</Filter>
    </ClInclude>
  </ItemGroup>
  <ItemGroup>
    <Filter Include="source">
      <UniqueIdentifier>{40a7a8c1-941b-4dd2-921e-7d9f1645db39}</UniqueIdentifier>
    </Filter>
    <Filter Include="header">
      <UniqueIdentifier>{fc27b7d6-0fb9-400d-aa91-39442d6fc44c}</UniqueIdentifier>
    </Filter>
  </ItemGroup>
</Project>