
Microsoft Visual Studio Solution File, Format Version 12.00
# Visual Studio 15
VisualStudioVersion = 15.0.28010.2026
MinimumVisualStudioVersion = 10.0.40219.1
Project("{8BC9CEB8-8B4A-11D0-8D11-00A0C91BC942}") = "MidiToWave", "MidiToWave\MidiToWave.vcxproj", "{ACD8074F-7B87-49C6-B2F6-A6BF518467D3}"
EndProject
Project("{FAE04EC0-301F-11D3-BF4B-00C04F79EFBC}") = "Test", "Test\Test.csproj", "{773D1173-B8CD-4873-AB66-0907FFF5B239}"
	ProjectSection(ProjectDependencies) = postProject
		{ACD8074F-7B87-49C6-B2F6-A6BF518467D3} = {ACD8074F-7B87-49C6-B2F6-A6BF518467D3}
	EndProjectSection
EndProject
Global
	GlobalSection(SolutionConfigurationPlatforms) = preSolution
		Debug|Any CPU = Debug|Any CPU
		Debug|x64 = Debug|x64
		Debug|x86 = Debug|x86
		Release|Any CPU = Release|Any CPU
		Release|x64 = Release|x64
		Release|x86 = Release|x86
	EndGlobalSection
	GlobalSection(ProjectConfigurationPlatforms) = postSolution
		{ACD8074F-7B87-49C6-B2F6-A6BF518467D3}.Debug|Any CPU.ActiveCfg = Debug|Win32
		{ACD8074F-7B87-49C6-B2F6-A6BF518467D3}.Debug|Any CPU.Build.0 = Debug|Win32
		{ACD8074F-7B87-49C6-B2F6-A6BF518467D3}.Debug|x64.ActiveCfg = Debug|x64
		{ACD8074F-7B87-49C6-B2F6-A6BF518467D3}.Debug|x64.Build.0 = Debug|x64
		{ACD8074F-7B87-49C6-B2F6-A6BF518467D3}.Debug|x86.ActiveCfg = Debug|Win32
		{ACD8074F-7B87-49C6-B2F6-A6BF518467D3}.Debug|x86.Build.0 = Debug|Win32
		{ACD8074F-7B87-49C6-B2F6-A6BF518467D3}.Release|Any CPU.ActiveCfg = Release|Win32
		{ACD8074F-7B87-49C6-B2F6-A6BF518467D3}.Release|x64.ActiveCfg = Release|x64
		{ACD8074F-7B87-49C6-B2F6-A6BF518467D3}.Release|x64.Build.0 = Release|x64
		{ACD8074F-7B87-49C6-B2F6-A6BF518467D3}.Release|x86.ActiveCfg = Release|Win32
		{ACD8074F-7B87-49C6-B2F6-A6BF518467D3}.Release|x86.Build.0 = Release|Win32
		{773D1173-B8CD-4873-AB66-0907FFF5B239}.Debug|Any CPU.ActiveCfg = Debug|Any CPU
		{773D1173-B8CD-4873-AB66-0907FFF5B239}.Debug|Any CPU.Build.0 = Debug|Any CPU
		{773D1173-B8CD-4873-AB66-0907FFF5B239}.Debug|x64.ActiveCfg = Debug|Any CPU
		{773D1173-B8CD-4873-AB66-0907FFF5B239}.Debug|x64.Build.0 = Debug|Any CPU
		{773D1173-B8CD-4873-AB66-0907FFF5B239}.Debug|x86.ActiveCfg = Debug|Any CPU
		{773D1173-B8CD-4873-AB66-0907FFF5B239}.Debug|x86.Build.0 = Debug|Any CPU
		{773D1173-B8CD-4873-AB66-0907FFF5B239}.Release|Any CPU.ActiveCfg = Release|Any CPU
		{773D1173-B8CD-4873-AB66-0907FFF5B239}.Release|Any CPU.Build.0 = Release|Any CPU
		{773D1173-B8CD-4873-AB66-0907FFF5B239}.Release|x64.ActiveCfg = Release|Any CPU
		{773D1173-B8CD-4873-AB66-0907FFF5B239}.Release|x64.Build.0 = Release|Any CPU
		{773D1173-B8CD-4873-AB66-0907FFF5B239}.Release|x86.ActiveCfg = Release|Any CPU
		{773D1173-B8CD-4873-AB66-0907FFF5B239}.Release|x86.Build.0 = Release|Any CPU
	EndGlobalSection
	GlobalSection(SolutionProperties) = preSolution
		HideSolutionNode = FALSE
	EndGlobalSection
	GlobalSection(ExtensibilityGlobals) = postSolution
		SolutionGuid = {39255DB0-41F3-430F-92E8-18F036B48D4F}
	EndGlobalSection
EndGlobal
